// !$*UTF8*$!
{
	archiveVersion = 1;
	classes = {
	};
	objectVersion = 77;
	objects = {

/* Begin PBXContainerItemProxy section */
		6714D1942DCAD4270080F46D /* PBXContainerItemProxy */ = {
			isa = PBXContainerItemProxy;
			containerPortal = 6714D1722DCAD4250080F46D /* Project object */;
			proxyType = 1;
			remoteGlobalIDString = 6714D1792DCAD4250080F46D;
			remoteInfo = DeathbyDice;
		};
		6714D19E2DCAD4270080F46D /* PBXContainerItemProxy */ = {
			isa = PBXContainerItemProxy;
			containerPortal = 6714D1722DCAD4250080F46D /* Project object */;
			proxyType = 1;
			remoteGlobalIDString = 6714D1792DCAD4250080F46D;
			remoteInfo = DeathbyDice;
		};
/* End PBXContainerItemProxy section */

/* Begin PBXFileReference section */
		6714D17A2DCAD4250080F46D /* DeathbyDice.app */ = {isa = PBXFileReference; explicitFileType = wrapper.application; includeInIndex = 0; path = DeathbyDice.app; sourceTree = BUILT_PRODUCTS_DIR; };
		6714D1932DCAD4270080F46D /* DeathbyDiceTests.xctest */ = {isa = PBXFileReference; explicitFileType = wrapper.cfbundle; includeInIndex = 0; path = DeathbyDiceTests.xctest; sourceTree = BUILT_PRODUCTS_DIR; };
		6714D19D2DCAD4270080F46D /* DeathbyDiceUITests.xctest */ = {isa = PBXFileReference; explicitFileType = wrapper.cfbundle; includeInIndex = 0; path = DeathbyDiceUITests.xctest; sourceTree = BUILT_PRODUCTS_DIR; };
/* End PBXFileReference section */

/* Begin PBXFileSystemSynchronizedRootGroup section */
		6714D17C2DCAD4250080F46D /* DeathbyDice */ = {
			isa = PBXFileSystemSynchronizedRootGroup;
			path = DeathbyDice;
			sourceTree = "<group>";
		};
		6714D1962DCAD4270080F46D /* DeathbyDiceTests */ = {
			isa = PBXFileSystemSynchronizedRootGroup;
			path = DeathbyDiceTests;
			sourceTree = "<group>";
		};
		6714D1A02DCAD4270080F46D /* DeathbyDiceUITests */ = {
			isa = PBXFileSystemSynchronizedRootGroup;
			path = DeathbyDiceUITests;
			sourceTree = "<group>";
		};
/* End PBXFileSystemSynchronizedRootGroup section */

/* Begin PBXFrameworksBuildPhase section */
		6714D1772DCAD4250080F46D /* Frameworks */ = {
			isa = PBXFrameworksBuildPhase;
			buildActionMask = 2147483647;
			files = (
			);
			runOnlyForDeploymentPostprocessing = 0;
		};
		6714D1902DCAD4270080F46D /* Frameworks */ = {
			isa = PBXFrameworksBuildPhase;
			buildActionMask = 2147483647;
			files = (
			);
			runOnlyForDeploymentPostprocessing = 0;
		};
		6714D19A2DCAD4270080F46D /* Frameworks */ = {
			isa = PBXFrameworksBuildPhase;
			buildActionMask = 2147483647;
			files = (
			);
			runOnlyForDeploymentPostprocessing = 0;
		};
/* End PBXFrameworksBuildPhase section */

/* Begin PBXGroup section */
		6714D1712DCAD4250080F46D = {
			isa = PBXGroup;
			children = (
				6714D17C2DCAD4250080F46D /* DeathbyDice */,
				6714D1962DCAD4270080F46D /* DeathbyDiceTests */,
				6714D1A02DCAD4270080F46D /* DeathbyDiceUITests */,
				6714D17B2DCAD4250080F46D /* Products */,
			);
			sourceTree = "<group>";
		};
		6714D17B2DCAD4250080F46D /* Products */ = {
			isa = PBXGroup;
			children = (
				6714D17A2DCAD4250080F46D /* DeathbyDice.app */,
				6714D1932DCAD4270080F46D /* DeathbyDiceTests.xctest */,
				6714D19D2DCAD4270080F46D /* DeathbyDiceUITests.xctest */,
			);
			name = Products;
			sourceTree = "<group>";
		};
/* End PBXGroup section */

/* Begin PBXNativeTarget section */
		6714D1792DCAD4250080F46D /* DeathbyDice */ = {
			isa = PBXNativeTarget;
			buildConfigurationList = 6714D1A72DCAD4270080F46D /* Build configuration list for PBXNativeTarget "DeathbyDice" */;
			buildPhases = (
				6714D1762DCAD4250080F46D /* Sources */,
				6714D1772DCAD4250080F46D /* Frameworks */,
				6714D1782DCAD4250080F46D /* Resources */,
			);
			buildRules = (
			);
			dependencies = (
			);
			fileSystemSynchronizedGroups = (
				6714D17C2DCAD4250080F46D /* DeathbyDice */,
			);
			name = DeathbyDice;
			packageProductDependencies = (
			);
			productName = DeathbyDice;
			productReference = 6714D17A2DCAD4250080F46D /* DeathbyDice.app */;
			productType = "com.apple.product-type.application";
		};
		6714D1922DCAD4270080F46D /* DeathbyDiceTests */ = {
			isa = PBXNativeTarget;
			buildConfigurationList = 6714D1AA2DCAD4270080F46D /* Build configuration list for PBXNativeTarget "DeathbyDiceTests" */;
			buildPhases = (
				6714D18F2DCAD4270080F46D /* Sources */,
				6714D1902DCAD4270080F46D /* Frameworks */,
				6714D1912DCAD4270080F46D /* Resources */,
			);
			buildRules = (
			);
			dependencies = (
				6714D1952DCAD4270080F46D /* PBXTargetDependency */,
			);
			fileSystemSynchronizedGroups = (
				6714D1962DCAD4270080F46D /* DeathbyDiceTests */,
			);
			name = DeathbyDiceTests;
			packageProductDependencies = (
			);
			productName = DeathbyDiceTests;
			productReference = 6714D1932DCAD4270080F46D /* DeathbyDiceTests.xctest */;
			productType = "com.apple.product-type.bundle.unit-test";
		};
		6714D19C2DCAD4270080F46D /* DeathbyDiceUITests */ = {
			isa = PBXNativeTarget;
			buildConfigurationList = 6714D1AD2DCAD4270080F46D /* Build configuration list for PBXNativeTarget "DeathbyDiceUITests" */;
			buildPhases = (
				6714D1992DCAD4270080F46D /* Sources */,
				6714D19A2DCAD4270080F46D /* Frameworks */,
				6714D19B2DCAD4270080F46D /* Resources */,
			);
			buildRules = (
			);
			dependencies = (
				6714D19F2DCAD4270080F46D /* PBXTargetDependency */,
			);
			fileSystemSynchronizedGroups = (
				6714D1A02DCAD4270080F46D /* DeathbyDiceUITests */,
			);
			name = DeathbyDiceUITests;
			packageProductDependencies = (
			);
			productName = DeathbyDiceUITests;
			productReference = 6714D19D2DCAD4270080F46D /* DeathbyDiceUITests.xctest */;
			productType = "com.apple.product-type.bundle.ui-testing";
		};
/* End PBXNativeTarget section */

/* Begin PBXProject section */
		6714D1722DCAD4250080F46D /* Project object */ = {
			isa = PBXProject;
			attributes = {
				BuildIndependentTargetsInParallel = 1;
				LastSwiftUpdateCheck = 1630;
				LastUpgradeCheck = 1630;
				TargetAttributes = {
					6714D1792DCAD4250080F46D = {
						CreatedOnToolsVersion = 16.3;
					};
					6714D1922DCAD4270080F46D = {
						CreatedOnToolsVersion = 16.3;
						TestTargetID = 6714D1792DCAD4250080F46D;
					};
					6714D19C2DCAD4270080F46D = {
						CreatedOnToolsVersion = 16.3;
						TestTargetID = 6714D1792DCAD4250080F46D;
					};
				};
			};
			buildConfigurationList = 6714D1752DCAD4250080F46D /* Build configuration list for PBXProject "DeathbyDice" */;
			developmentRegion = en;
			hasScannedForEncodings = 0;
			knownRegions = (
				en,
				Base,
			);
			mainGroup = 6714D1712DCAD4250080F46D;
			minimizedProjectReferenceProxies = 1;
			preferredProjectObjectVersion = 77;
			productRefGroup = 6714D17B2DCAD4250080F46D /* Products */;
			projectDirPath = "";
			projectRoot = "";
			targets = (
				6714D1792DCAD4250080F46D /* DeathbyDice */,
				6714D1922DCAD4270080F46D /* DeathbyDiceTests */,
				6714D19C2DCAD4270080F46D /* DeathbyDiceUITests */,
			);
		};
/* End PBXProject section */

/* Begin PBXResourcesBuildPhase section */
		6714D1782DCAD4250080F46D /* Resources */ = {
			isa = PBXResourcesBuildPhase;
			buildActionMask = 2147483647;
			files = (
			);
			runOnlyForDeploymentPostprocessing = 0;
		};
		6714D1912DCAD4270080F46D /* Resources */ = {
			isa = PBXResourcesBuildPhase;
			buildActionMask = 2147483647;
			files = (
			);
			runOnlyForDeploymentPostprocessing = 0;
		};
		6714D19B2DCAD4270080F46D /* Resources */ = {
			isa = PBXResourcesBuildPhase;
			buildActionMask = 2147483647;
			files = (
			);
			runOnlyForDeploymentPostprocessing = 0;
		};
/* End PBXResourcesBuildPhase section */

/* Begin PBXSourcesBuildPhase section */
		6714D1762DCAD4250080F46D /* Sources */ = {
			isa = PBXSourcesBuildPhase;
			buildActionMask = 2147483647;
			files = (
			);
			runOnlyForDeploymentPostprocessing = 0;
		};
		6714D18F2DCAD4270080F46D /* Sources */ = {
			isa = PBXSourcesBuildPhase;
			buildActionMask = 2147483647;
			files = (
			);
			runOnlyForDeploymentPostprocessing = 0;
		};
		6714D1992DCAD4270080F46D /* Sources */ = {
			isa = PBXSourcesBuildPhase;
			buildActionMask = 2147483647;
			files = (
			);
			runOnlyForDeploymentPostprocessing = 0;
		};
/* End PBXSourcesBuildPhase section */

/* Begin PBXTargetDependency section */
		6714D1952DCAD4270080F46D /* PBXTargetDependency */ = {
			isa = PBXTargetDependency;
			target = 6714D1792DCAD4250080F46D /* DeathbyDice */;
			targetProxy = 6714D1942DCAD4270080F46D /* PBXContainerItemProxy */;
		};
		6714D19F2DCAD4270080F46D /* PBXTargetDependency */ = {
			isa = PBXTargetDependency;
			target = 6714D1792DCAD4250080F46D /* DeathbyDice */;
			targetProxy = 6714D19E2DCAD4270080F46D /* PBXContainerItemProxy */;
		};
/* End PBXTargetDependency section */

/* Begin XCBuildConfiguration section */
		6714D1A52DCAD4270080F46D /* Debug */ = {
			isa = XCBuildConfiguration;
			buildSettings = {
				ALWAYS_SEARCH_USER_PATHS = NO;
				ASSETCATALOG_COMPILER_GENERATE_SWIFT_ASSET_SYMBOL_EXTENSIONS = YES;
				CLANG_ANALYZER_NONNULL = YES;
				CLANG_ANALYZER_NUMBER_OBJECT_CONVERSION = YES_AGGRESSIVE;
				CLANG_CXX_LANGUAGE_STANDARD = "gnu++20";
				CLANG_ENABLE_MODULES = YES;
				CLANG_ENABLE_OBJC_ARC = YES;
				CLANG_ENABLE_OBJC_WEAK = YES;
				CLANG_WARN_BLOCK_CAPTURE_AUTORELEASING = YES;
				CLANG_WARN_BOOL_CONVERSION = YES;
				CLANG_WARN_COMMA = YES;
				CLANG_WARN_CONSTANT_CONVERSION = YES;
				CLANG_WARN_DEPRECATED_OBJC_IMPLEMENTATIONS = YES;
				CLANG_WARN_DIRECT_OBJC_ISA_USAGE = YES_ERROR;
				CLANG_WARN_DOCUMENTATION_COMMENTS = YES;
				CLANG_WARN_EMPTY_BODY = YES;
				CLANG_WARN_ENUM_CONVERSION = YES;
				CLANG_WARN_INFINITE_RECURSION = YES;
				CLANG_WARN_INT_CONVERSION = YES;
				CLANG_WARN_NON_LITERAL_NULL_CONVERSION = YES;
				CLANG_WARN_OBJC_IMPLICIT_RETAIN_SELF = YES;
				CLANG_WARN_OBJC_LITERAL_CONVERSION = YES;
				CLANG_WARN_OBJC_ROOT_CLASS = YES_ERROR;
				CLANG_WARN_QUOTED_INCLUDE_IN_FRAMEWORK_HEADER = YES;
				CLANG_WARN_RANGE_LOOP_ANALYSIS = YES;
				CLANG_WARN_STRICT_PROTOTYPES = YES;
				CLANG_WARN_SUSPICIOUS_MOVE = YES;
				CLANG_WARN_UNGUARDED_AVAILABILITY = YES_AGGRESSIVE;
				CLANG_WARN_UNREACHABLE_CODE = YES;
				CLANG_WARN__DUPLICATE_METHOD_MATCH = YES;
				COPY_PHASE_STRIP = NO;
				DEBUG_INFORMATION_FORMAT = dwarf;
				DEVELOPMENT_TEAM = 4JNS3J3M9D;
				ENABLE_STRICT_OBJC_MSGSEND = YES;
				ENABLE_TESTABILITY = YES;
				ENABLE_USER_SCRIPT_SANDBOXING = YES;
				GCC_C_LANGUAGE_STANDARD = gnu17;
				GCC_DYNAMIC_NO_PIC = NO;
				GCC_NO_COMMON_BLOCKS = YES;
				GCC_OPTIMIZATION_LEVEL = 0;
				GCC_PREPROCESSOR_DEFINITIONS = (
					"DEBUG=1",
					"$(inherited)",
				);
				GCC_WARN_64_TO_32_BIT_CONVERSION = YES;
				GCC_WARN_ABOUT_RETURN_TYPE = YES_ERROR;
				GCC_WARN_UNDECLARED_SELECTOR = YES;
				GCC_WARN_UNINITIALIZED_AUTOS = YES_AGGRESSIVE;
				GCC_WARN_UNUSED_FUNCTION = YES;
				GCC_WARN_UNUSED_VARIABLE = YES;
				IPHONEOS_DEPLOYMENT_TARGET = 18.4;
				LOCALIZATION_PREFERS_STRING_CATALOGS = YES;
				MTL_ENABLE_DEBUG_INFO = INCLUDE_SOURCE;
				MTL_FAST_MATH = YES;
				ONLY_ACTIVE_ARCH = YES;
				SDKROOT = iphoneos;
				SWIFT_ACTIVE_COMPILATION_CONDITIONS = "DEBUG $(inherited)";
				SWIFT_OPTIMIZATION_LEVEL = "-Onone";
			};
			name = Debug;
		};
		6714D1A62DCAD4270080F46D /* Release */ = {
			isa = XCBuildConfiguration;
			buildSettings = {
				ALWAYS_SEARCH_USER_PATHS = NO;
				ASSETCATALOG_COMPILER_GENERATE_SWIFT_ASSET_SYMBOL_EXTENSIONS = YES;
				CLANG_ANALYZER_NONNULL = YES;
				CLANG_ANALYZER_NUMBER_OBJECT_CONVERSION = YES_AGGRESSIVE;
				CLANG_CXX_LANGUAGE_STANDARD = "gnu++20";
				CLANG_ENABLE_MODULES = YES;
				CLANG_ENABLE_OBJC_ARC = YES;
				CLANG_ENABLE_OBJC_WEAK = YES;
				CLANG_WARN_BLOCK_CAPTURE_AUTORELEASING = YES;
				CLANG_WARN_BOOL_CONVERSION = YES;
				CLANG_WARN_COMMA = YES;
				CLANG_WARN_CONSTANT_CONVERSION = YES;
				CLANG_WARN_DEPRECATED_OBJC_IMPLEMENTATIONS = YES;
				CLANG_WARN_DIRECT_OBJC_ISA_USAGE = YES_ERROR;
				CLANG_WARN_DOCUMENTATION_COMMENTS = YES;
				CLANG_WARN_EMPTY_BODY = YES;
				CLANG_WARN_ENUM_CONVERSION = YES;
				CLANG_WARN_INFINITE_RECURSION = YES;
				CLANG_WARN_INT_CONVERSION = YES;
				CLANG_WARN_NON_LITERAL_NULL_CONVERSION = YES;
				CLANG_WARN_OBJC_IMPLICIT_RETAIN_SELF = YES;
				CLANG_WARN_OBJC_LITERAL_CONVERSION = YES;
				CLANG_WARN_OBJC_ROOT_CLASS = YES_ERROR;
				CLANG_WARN_QUOTED_INCLUDE_IN_FRAMEWORK_HEADER = YES;
				CLANG_WARN_RANGE_LOOP_ANALYSIS = YES;
				CLANG_WARN_STRICT_PROTOTYPES = YES;
				CLANG_WARN_SUSPICIOUS_MOVE = YES;
				CLANG_WARN_UNGUARDED_AVAILABILITY = YES_AGGRESSIVE;
				CLANG_WARN_UNREACHABLE_CODE = YES;
				CLANG_WARN__DUPLICATE_METHOD_MATCH = YES;
				COPY_PHASE_STRIP = NO;
				DEBUG_INFORMATION_FORMAT = "dwarf-with-dsym";
				DEVELOPMENT_TEAM = 4JNS3J3M9D;
				ENABLE_NS_ASSERTIONS = NO;
				ENABLE_STRICT_OBJC_MSGSEND = YES;
				ENABLE_USER_SCRIPT_SANDBOXING = YES;
				GCC_C_LANGUAGE_STANDARD = gnu17;
				GCC_NO_COMMON_BLOCKS = YES;
				GCC_WARN_64_TO_32_BIT_CONVERSION = YES;
				GCC_WARN_ABOUT_RETURN_TYPE = YES_ERROR;
				GCC_WARN_UNDECLARED_SELECTOR = YES;
				GCC_WARN_UNINITIALIZED_AUTOS = YES_AGGRESSIVE;
				GCC_WARN_UNUSED_FUNCTION = YES;
				GCC_WARN_UNUSED_VARIABLE = YES;
				IPHONEOS_DEPLOYMENT_TARGET = 18.4;
				LOCALIZATION_PREFERS_STRING_CATALOGS = YES;
				MTL_ENABLE_DEBUG_INFO = NO;
				MTL_FAST_MATH = YES;
				SDKROOT = iphoneos;
				SWIFT_COMPILATION_MODE = wholemodule;
				VALIDATE_PRODUCT = YES;
			};
			name = Release;
		};
		6714D1A82DCAD4270080F46D /* Debug */ = {
			isa = XCBuildConfiguration;
			buildSettings = {
				ASSETCATALOG_COMPILER_APPICON_NAME = AppIcon;
				ASSETCATALOG_COMPILER_GLOBAL_ACCENT_COLOR_NAME = AccentColor;
				CODE_SIGN_STYLE = Automatic;
				CURRENT_PROJECT_VERSION = 1;
				DEVELOPMENT_TEAM = 4JNS3J3M9D;
				GENERATE_INFOPLIST_FILE = YES;
				INFOPLIST_KEY_UIApplicationSupportsIndirectInputEvents = YES;
				INFOPLIST_KEY_UILaunchStoryboardName = LaunchScreen;
				INFOPLIST_KEY_UIMainStoryboardFile = Main;
				INFOPLIST_KEY_UIStatusBarHidden = YES;
				INFOPLIST_KEY_UISupportedInterfaceOrientations_iPad = "UIInterfaceOrientationPortrait UIInterfaceOrientationPortraitUpsideDown UIInterfaceOrientationLandscapeLeft UIInterfaceOrientationLandscapeRight";
				INFOPLIST_KEY_UISupportedInterfaceOrientations_iPhone = "UIInterfaceOrientationPortrait UIInterfaceOrientationLandscapeLeft UIInterfaceOrientationLandscapeRight";
				LD_RUNPATH_SEARCH_PATHS = (
					"$(inherited)",
					"@executable_path/Frameworks",
				);
				MARKETING_VERSION = 1.0;
				PRODUCT_BUNDLE_IDENTIFIER = leogbuilds.DeathbyDice;
				PRODUCT_NAME = "$(TARGET_NAME)";
				SWIFT_EMIT_LOC_STRINGS = YES;
				SWIFT_VERSION = 5.0;
				TARGETED_DEVICE_FAMILY = "1,2";
			};
			name = Debug;
		};
		6714D1A92DCAD4270080F46D /* Release */ = {
			isa = XCBuildConfiguration;
			buildSettings = {
				ASSETCATALOG_COMPILER_APPICON_NAME = AppIcon;
				ASSETCATALOG_COMPILER_GLOBAL_ACCENT_COLOR_NAME = AccentColor;
				CODE_SIGN_STYLE = Automatic;
				CURRENT_PROJECT_VERSION = 1;
				DEVELOPMENT_TEAM = 4JNS3J3M9D;
				GENERATE_INFOPLIST_FILE = YES;
				INFOPLIST_KEY_UIApplicationSupportsIndirectInputEvents = YES;
				INFOPLIST_KEY_UILaunchStoryboardName = LaunchScreen;
				INFOPLIST_KEY_UIMainStoryboardFile = Main;
				INFOPLIST_KEY_UIStatusBarHidden = YES;
				INFOPLIST_KEY_UISupportedInterfaceOrientations_iPad = "UIInterfaceOrientationPortrait UIInterfaceOrientationPortraitUpsideDown UIInterfaceOrientationLandscapeLeft UIInterfaceOrientationLandscapeRight";
				INFOPLIST_KEY_UISupportedInterfaceOrientations_iPhone = "UIInterfaceOrientationPortrait UIInterfaceOrientationLandscapeLeft UIInterfaceOrientationLandscapeRight";
				LD_RUNPATH_SEARCH_PATHS = (
					"$(inherited)",
					"@executable_path/Frameworks",
				);
				MARKETING_VERSION = 1.0;
				PRODUCT_BUNDLE_IDENTIFIER = leogbuilds.DeathbyDice;
				PRODUCT_NAME = "$(TARGET_NAME)";
				SWIFT_EMIT_LOC_STRINGS = YES;
				SWIFT_VERSION = 5.0;
				TARGETED_DEVICE_FAMILY = "1,2";
			};
			name = Release;
		};
		6714D1AB2DCAD4270080F46D /* Debug */ = {
			isa = XCBuildConfiguration;
			buildSettings = {
				BUNDLE_LOADER = "$(TEST_HOST)";
				CODE_SIGN_STYLE = Automatic;
				CURRENT_PROJECT_VERSION = 1;
				DEVELOPMENT_TEAM = 4JNS3J3M9D;
				GENERATE_INFOPLIST_FILE = YES;
				IPHONEOS_DEPLOYMENT_TARGET = 18.4;
				MARKETING_VERSION = 1.0;
				PRODUCT_BUNDLE_IDENTIFIER = leogbuilds.DeathbyDiceTests;
				PRODUCT_NAME = "$(TARGET_NAME)";
				SWIFT_EMIT_LOC_STRINGS = NO;
				SWIFT_VERSION = 5.0;
				TARGETED_DEVICE_FAMILY = "1,2";
				TEST_HOST = "$(BUILT_PRODUCTS_DIR)/DeathbyDice.app/$(BUNDLE_EXECUTABLE_FOLDER_PATH)/DeathbyDice";
			};
			name = Debug;
		};
		6714D1AC2DCAD4270080F46D /* Release */ = {
			isa = XCBuildConfiguration;
			buildSettings = {
				BUNDLE_LOADER = "$(TEST_HOST)";
				CODE_SIGN_STYLE = Automatic;
				CURRENT_PROJECT_VERSION = 1;
				DEVELOPMENT_TEAM = 4JNS3J3M9D;
				GENERATE_INFOPLIST_FILE = YES;
				IPHONEOS_DEPLOYMENT_TARGET = 18.4;
				MARKETING_VERSION = 1.0;
				PRODUCT_BUNDLE_IDENTIFIER = leogbuilds.DeathbyDiceTests;
				PRODUCT_NAME = "$(TARGET_NAME)";
				SWIFT_EMIT_LOC_STRINGS = NO;
				SWIFT_VERSION = 5.0;
				TARGETED_DEVICE_FAMILY = "1,2";
				TEST_HOST = "$(BUILT_PRODUCTS_DIR)/DeathbyDice.app/$(BUNDLE_EXECUTABLE_FOLDER_PATH)/DeathbyDice";
			};
			name = Release;
		};
		6714D1AE2DCAD4270080F46D /* Debug */ = {
			isa = XCBuildConfiguration;
			buildSettings = {
				CODE_SIGN_STYLE = Automatic;
				CURRENT_PROJECT_VERSION = 1;
				DEVELOPMENT_TEAM = 4JNS3J3M9D;
				GENERATE_INFOPLIST_FILE = YES;
				MARKETING_VERSION = 1.0;
				PRODUCT_BUNDLE_IDENTIFIER = leogbuilds.DeathbyDiceUITests;
				PRODUCT_NAME = "$(TARGET_NAME)";
				SWIFT_EMIT_LOC_STRINGS = NO;
				SWIFT_VERSION = 5.0;
				TARGETED_DEVICE_FAMILY = "1,2";
				TEST_TARGET_NAME = DeathbyDice;
			};
			name = Debug;
		};
		6714D1AF2DCAD4270080F46D /* Release */ = {
			isa = XCBuildConfiguration;
			buildSettings = {
				CODE_SIGN_STYLE = Automatic;
				CURRENT_PROJECT_VERSION = 1;
				DEVELOPMENT_TEAM = 4JNS3J3M9D;
				GENERATE_INFOPLIST_FILE = YES;
				MARKETING_VERSION = 1.0;
				PRODUCT_BUNDLE_IDENTIFIER = leogbuilds.DeathbyDiceUITests;
				PRODUCT_NAME = "$(TARGET_NAME)";
				SWIFT_EMIT_LOC_STRINGS = NO;
				SWIFT_VERSION = 5.0;
				TARGETED_DEVICE_FAMILY = "1,2";
				TEST_TARGET_NAME = DeathbyDice;
			};
			name = Release;
		};
/* End XCBuildConfiguration section */

/* Begin XCConfigurationList section */
		6714D1752DCAD4250080F46D /* Build configuration list for PBXProject "DeathbyDice" */ = {
			isa = XCConfigurationList;
			buildConfigurations = (
				6714D1A52DCAD4270080F46D /* Debug */,
				6714D1A62DCAD4270080F46D /* Release */,
			);
			defaultConfigurationIsVisible = 0;
			defaultConfigurationName = Release;
		};
		6714D1A72DCAD4270080F46D /* Build configuration list for PBXNativeTarget "DeathbyDice" */ = {
			isa = XCConfigurationList;
			buildConfigurations = (
				6714D1A82DCAD4270080F46D /* Debug */,
				6714D1A92DCAD4270080F46D /* Release */,
			);
			defaultConfigurationIsVisible = 0;
			defaultConfigurationName = Release;
		};
		6714D1AA2DCAD4270080F46D /* Build configuration list for PBXNativeTarget "DeathbyDiceTests" */ = {
			isa = XCConfigurationList;
			buildConfigurations = (
				6714D1AB2DCAD4270080F46D /* Debug */,
				6714D1AC2DCAD4270080F46D /* Release */,
			);
			defaultConfigurationIsVisible = 0;
			defaultConfigurationName = Release;
		};
		6714D1AD2DCAD4270080F46D /* Build configuration list for PBXNativeTarget "DeathbyDiceUITests" */ = {
			isa = XCConfigurationList;
			buildConfigurations = (
				6714D1AE2DCAD4270080F46D /* Debug */,
				6714D1AF2DCAD4270080F46D /* Release */,
			);
			defaultConfigurationIsVisible = 0;
			defaultConfigurationName = Release;
		};
/* End XCConfigurationList section */
	};
	rootObject = 6714D1722DCAD4250080F46D /* Project object */;
}
